
Microsoft Visual Studio Solution File, Format Version 12.00
# Visual Studio Version 16
VisualStudioVersion = 16.0.29324.140
MinimumVisualStudioVersion = 15.0.26124.0
Project("{9A19103F-16F7-4668-BE54-9A1E7A4F7556}") = "NeoFx.Models", "src\Models\NeoFx.Models.csproj", "{1FE4DE29-B84C-4B47-8C54-DA878E583F3A}"
EndProject
Project("{9A19103F-16F7-4668-BE54-9A1E7A4F7556}") = "NeoFx.Models.Tests", "tests\Models\NeoFx.Models.Tests.csproj", "{A46C0F54-A5D5-4C41-A891-CFD44BBB7EAA}"
EndProject
Project("{9A19103F-16F7-4668-BE54-9A1E7A4F7556}") = "StorageExperimentation", "tests\StorageExperimentation\StorageExperimentation.csproj", "{8BF471C8-430D-4FA8-B4E8-716BD02681A2}"
EndProject
Project("{2150E333-8FDC-42A3-9474-1A3956D46DE8}") = "src", "src", "{83D4EA4B-AE7F-41F2-99FC-45653521512F}"
EndProject
Project("{FAE04EC0-301F-11D3-BF4B-00C04F79EFBC}") = "NeoFx.Storage.Abstractions", "src\Storage.Abstractions\NeoFx.Storage.Abstractions.csproj", "{37078D8A-134B-45BE-B9AC-D61AAAF8C2EF}"
EndProject
Project("{FAE04EC0-301F-11D3-BF4B-00C04F79EFBC}") = "NeoFx.Storage.RocksDb", "src\Storage.RocksDb\NeoFx.Storage.RocksDb.csproj", "{6C1F181F-32C5-438B-AA5D-C438277E5B0B}"
EndProject
Global
	GlobalSection(SolutionConfigurationPlatforms) = preSolution
		Debug|Any CPU = Debug|Any CPU
		Debug|x64 = Debug|x64
		Debug|x86 = Debug|x86
		Release|Any CPU = Release|Any CPU
		Release|x64 = Release|x64
		Release|x86 = Release|x86
	EndGlobalSection
	GlobalSection(ProjectConfigurationPlatforms) = postSolution
		{1FE4DE29-B84C-4B47-8C54-DA878E583F3A}.Debug|Any CPU.ActiveCfg = Debug|Any CPU
		{1FE4DE29-B84C-4B47-8C54-DA878E583F3A}.Debug|Any CPU.Build.0 = Debug|Any CPU
		{1FE4DE29-B84C-4B47-8C54-DA878E583F3A}.Debug|x64.ActiveCfg = Debug|Any CPU
		{1FE4DE29-B84C-4B47-8C54-DA878E583F3A}.Debug|x64.Build.0 = Debug|Any CPU
		{1FE4DE29-B84C-4B47-8C54-DA878E583F3A}.Debug|x86.ActiveCfg = Debug|Any CPU
		{1FE4DE29-B84C-4B47-8C54-DA878E583F3A}.Debug|x86.Build.0 = Debug|Any CPU
		{1FE4DE29-B84C-4B47-8C54-DA878E583F3A}.Release|Any CPU.ActiveCfg = Release|Any CPU
		{1FE4DE29-B84C-4B47-8C54-DA878E583F3A}.Release|Any CPU.Build.0 = Release|Any CPU
		{1FE4DE29-B84C-4B47-8C54-DA878E583F3A}.Release|x64.ActiveCfg = Release|Any CPU
		{1FE4DE29-B84C-4B47-8C54-DA878E583F3A}.Release|x64.Build.0 = Release|Any CPU
		{1FE4DE29-B84C-4B47-8C54-DA878E583F3A}.Release|x86.ActiveCfg = Release|Any CPU
		{1FE4DE29-B84C-4B47-8C54-DA878E583F3A}.Release|x86.Build.0 = Release|Any CPU
		{A46C0F54-A5D5-4C41-A891-CFD44BBB7EAA}.Debug|Any CPU.ActiveCfg = Debug|Any CPU
		{A46C0F54-A5D5-4C41-A891-CFD44BBB7EAA}.Debug|Any CPU.Build.0 = Debug|Any CPU
		{A46C0F54-A5D5-4C41-A891-CFD44BBB7EAA}.Debug|x64.ActiveCfg = Debug|Any CPU
		{A46C0F54-A5D5-4C41-A891-CFD44BBB7EAA}.Debug|x64.Build.0 = Debug|Any CPU
		{A46C0F54-A5D5-4C41-A891-CFD44BBB7EAA}.Debug|x86.ActiveCfg = Debug|Any CPU
		{A46C0F54-A5D5-4C41-A891-CFD44BBB7EAA}.Debug|x86.Build.0 = Debug|Any CPU
		{A46C0F54-A5D5-4C41-A891-CFD44BBB7EAA}.Release|Any CPU.ActiveCfg = Release|Any CPU
		{A46C0F54-A5D5-4C41-A891-CFD44BBB7EAA}.Release|Any CPU.Build.0 = Release|Any CPU
		{A46C0F54-A5D5-4C41-A891-CFD44BBB7EAA}.Release|x64.ActiveCfg = Release|Any CPU
		{A46C0F54-A5D5-4C41-A891-CFD44BBB7EAA}.Release|x64.Build.0 = Release|Any CPU
		{A46C0F54-A5D5-4C41-A891-CFD44BBB7EAA}.Release|x86.ActiveCfg = Release|Any CPU
		{A46C0F54-A5D5-4C41-A891-CFD44BBB7EAA}.Release|x86.Build.0 = Release|Any CPU
		{8BF471C8-430D-4FA8-B4E8-716BD02681A2}.Debug|Any CPU.ActiveCfg = Debug|Any CPU
		{8BF471C8-430D-4FA8-B4E8-716BD02681A2}.Debug|Any CPU.Build.0 = Debug|Any CPU
		{8BF471C8-430D-4FA8-B4E8-716BD02681A2}.Debug|x64.ActiveCfg = Debug|Any CPU
		{8BF471C8-430D-4FA8-B4E8-716BD02681A2}.Debug|x64.Build.0 = Debug|Any CPU
		{8BF471C8-430D-4FA8-B4E8-716BD02681A2}.Debug|x86.ActiveCfg = Debug|Any CPU
		{8BF471C8-430D-4FA8-B4E8-716BD02681A2}.Debug|x86.Build.0 = Debug|Any CPU
		{8BF471C8-430D-4FA8-B4E8-716BD02681A2}.Release|Any CPU.ActiveCfg = Release|Any CPU
		{8BF471C8-430D-4FA8-B4E8-716BD02681A2}.Release|Any CPU.Build.0 = Release|Any CPU
		{8BF471C8-430D-4FA8-B4E8-716BD02681A2}.Release|x64.ActiveCfg = Release|Any CPU
		{8BF471C8-430D-4FA8-B4E8-716BD02681A2}.Release|x64.Build.0 = Release|Any CPU
		{8BF471C8-430D-4FA8-B4E8-716BD02681A2}.Release|x86.ActiveCfg = Release|Any CPU
		{8BF471C8-430D-4FA8-B4E8-716BD02681A2}.Release|x86.Build.0 = Release|Any CPU
		{37078D8A-134B-45BE-B9AC-D61AAAF8C2EF}.Debug|Any CPU.ActiveCfg = Debug|Any CPU
		{37078D8A-134B-45BE-B9AC-D61AAAF8C2EF}.Debug|Any CPU.Build.0 = Debug|Any CPU
		{37078D8A-134B-45BE-B9AC-D61AAAF8C2EF}.Debug|x64.ActiveCfg = Debug|Any CPU
		{37078D8A-134B-45BE-B9AC-D61AAAF8C2EF}.Debug|x64.Build.0 = Debug|Any CPU
		{37078D8A-134B-45BE-B9AC-D61AAAF8C2EF}.Debug|x86.ActiveCfg = Debug|Any CPU
		{37078D8A-134B-45BE-B9AC-D61AAAF8C2EF}.Debug|x86.Build.0 = Debug|Any CPU
		{37078D8A-134B-45BE-B9AC-D61AAAF8C2EF}.Release|Any CPU.ActiveCfg = Release|Any CPU
		{37078D8A-134B-45BE-B9AC-D61AAAF8C2EF}.Release|Any CPU.Build.0 = Release|Any CPU
		{37078D8A-134B-45BE-B9AC-D61AAAF8C2EF}.Release|x64.ActiveCfg = Release|Any CPU
		{37078D8A-134B-45BE-B9AC-D61AAAF8C2EF}.Release|x64.Build.0 = Release|Any CPU
		{37078D8A-134B-45BE-B9AC-D61AAAF8C2EF}.Release|x86.ActiveCfg = Release|Any CPU
		{37078D8A-134B-45BE-B9AC-D61AAAF8C2EF}.Release|x86.Build.0 = Release|Any CPU
		{6C1F181F-32C5-438B-AA5D-C438277E5B0B}.Debug|Any CPU.ActiveCfg = Debug|Any CPU
		{6C1F181F-32C5-438B-AA5D-C438277E5B0B}.Debug|Any CPU.Build.0 = Debug|Any CPU
		{6C1F181F-32C5-438B-AA5D-C438277E5B0B}.Debug|x64.ActiveCfg = Debug|Any CPU
		{6C1F181F-32C5-438B-AA5D-C438277E5B0B}.Debug|x64.Build.0 = Debug|Any CPU
		{6C1F181F-32C5-438B-AA5D-C438277E5B0B}.Debug|x86.ActiveCfg = Debug|Any CPU
		{6C1F181F-32C5-438B-AA5D-C438277E5B0B}.Debug|x86.Build.0 = Debug|Any CPU
		{6C1F181F-32C5-438B-AA5D-C438277E5B0B}.Release|Any CPU.ActiveCfg = Release|Any CPU
		{6C1F181F-32C5-438B-AA5D-C438277E5B0B}.Release|Any CPU.Build.0 = Release|Any CPU
		{6C1F181F-32C5-438B-AA5D-C438277E5B0B}.Release|x64.ActiveCfg = Release|Any CPU
		{6C1F181F-32C5-438B-AA5D-C438277E5B0B}.Release|x64.Build.0 = Release|Any CPU
		{6C1F181F-32C5-438B-AA5D-C438277E5B0B}.Release|x86.ActiveCfg = Release|Any CPU
		{6C1F181F-32C5-438B-AA5D-C438277E5B0B}.Release|x86.Build.0 = Release|Any CPU
	EndGlobalSection
	GlobalSection(SolutionProperties) = preSolution
		HideSolutionNode = FALSE
	EndGlobalSection
	GlobalSection(ExtensibilityGlobals) = postSolution
		SolutionGuid = {AAAC4C7C-36D4-4DE8-ACC5-5D6512E7A1A2}
	EndGlobalSection
	GlobalSection(NestedProjects) = preSolution
		{37078D8A-134B-45BE-B9AC-D61AAAF8C2EF} = {83D4EA4B-AE7F-41F2-99FC-45653521512F}
		{6C1F181F-32C5-438B-AA5D-C438277E5B0B} = {83D4EA4B-AE7F-41F2-99FC-45653521512F}
	EndGlobalSection
EndGlobal
