
Microsoft Visual Studio Solution File, Format Version 12.00
# Visual Studio Version 16
VisualStudioVersion = 16.0.29326.143
MinimumVisualStudioVersion = 15.0.26124.0
Project("{2150E333-8FDC-42A3-9474-1A3956D46DE8}") = "src", "src", "{76941FFF-E50E-4761-BF69-C85F62B01EB6}"
EndProject
Project("{9A19103F-16F7-4668-BE54-9A1E7A4F7556}") = "NeoFx", "src\NeoFx\NeoFx.csproj", "{9A42631C-276F-4F63-AD9F-E599D965EDFD}"
EndProject
Project("{9A19103F-16F7-4668-BE54-9A1E7A4F7556}") = "NeoFx.RocksDb", "src\RocksDb\NeoFx.RocksDb.csproj", "{A127604F-D63F-4D93-8B2A-6EC76BF91935}"
EndProject
Project("{2150E333-8FDC-42A3-9474-1A3956D46DE8}") = "tests", "tests", "{52255CBC-22FD-42AF-96F3-36F7843F44D1}"
EndProject
Project("{FAE04EC0-301F-11D3-BF4B-00C04F79EFBC}") = "NeoFxTests", "tests\NeoFxTests\NeoFxTests.csproj", "{29ED60F5-5238-458F-83AF-623159CAF642}"
EndProject
Project("{FAE04EC0-301F-11D3-BF4B-00C04F79EFBC}") = "ImportBlocks", "tests\ImportBlocks\ImportBlocks.csproj", "{8DED9F59-BDFD-4E1A-B128-22D5D7502602}"
EndProject
Project("{FAE04EC0-301F-11D3-BF4B-00C04F79EFBC}") = "NeoFx.P2P", "src\P2P\NeoFx.P2P.csproj", "{30192A5D-73A2-4866-982A-2F5331E8DF64}"
EndProject
Project("{FAE04EC0-301F-11D3-BF4B-00C04F79EFBC}") = "TestNode", "tests\TestNode\TestNode.csproj", "{AE920646-0F12-4E06-B0D8-29373AEAA325}"
EndProject
Project("{FAE04EC0-301F-11D3-BF4B-00C04F79EFBC}") = "NeoFx.RPC", "src\RPC\NeoFx.RPC.csproj", "{ED1813FA-8F5A-483C-ADF4-7FC565980433}"
EndProject
Global
	GlobalSection(SolutionConfigurationPlatforms) = preSolution
		Debug|Any CPU = Debug|Any CPU
		Debug|x64 = Debug|x64
		Debug|x86 = Debug|x86
		Release|Any CPU = Release|Any CPU
		Release|x64 = Release|x64
		Release|x86 = Release|x86
	EndGlobalSection
	GlobalSection(ProjectConfigurationPlatforms) = postSolution
		{9A42631C-276F-4F63-AD9F-E599D965EDFD}.Debug|Any CPU.ActiveCfg = Debug|Any CPU
		{9A42631C-276F-4F63-AD9F-E599D965EDFD}.Debug|Any CPU.Build.0 = Debug|Any CPU
		{9A42631C-276F-4F63-AD9F-E599D965EDFD}.Debug|x64.ActiveCfg = Debug|Any CPU
		{9A42631C-276F-4F63-AD9F-E599D965EDFD}.Debug|x64.Build.0 = Debug|Any CPU
		{9A42631C-276F-4F63-AD9F-E599D965EDFD}.Debug|x86.ActiveCfg = Debug|Any CPU
		{9A42631C-276F-4F63-AD9F-E599D965EDFD}.Debug|x86.Build.0 = Debug|Any CPU
		{9A42631C-276F-4F63-AD9F-E599D965EDFD}.Release|Any CPU.ActiveCfg = Release|Any CPU
		{9A42631C-276F-4F63-AD9F-E599D965EDFD}.Release|Any CPU.Build.0 = Release|Any CPU
		{9A42631C-276F-4F63-AD9F-E599D965EDFD}.Release|x64.ActiveCfg = Release|Any CPU
		{9A42631C-276F-4F63-AD9F-E599D965EDFD}.Release|x64.Build.0 = Release|Any CPU
		{9A42631C-276F-4F63-AD9F-E599D965EDFD}.Release|x86.ActiveCfg = Release|Any CPU
		{9A42631C-276F-4F63-AD9F-E599D965EDFD}.Release|x86.Build.0 = Release|Any CPU
		{A127604F-D63F-4D93-8B2A-6EC76BF91935}.Debug|Any CPU.ActiveCfg = Debug|Any CPU
		{A127604F-D63F-4D93-8B2A-6EC76BF91935}.Debug|Any CPU.Build.0 = Debug|Any CPU
		{A127604F-D63F-4D93-8B2A-6EC76BF91935}.Debug|x64.ActiveCfg = Debug|Any CPU
		{A127604F-D63F-4D93-8B2A-6EC76BF91935}.Debug|x64.Build.0 = Debug|Any CPU
		{A127604F-D63F-4D93-8B2A-6EC76BF91935}.Debug|x86.ActiveCfg = Debug|Any CPU
		{A127604F-D63F-4D93-8B2A-6EC76BF91935}.Debug|x86.Build.0 = Debug|Any CPU
		{A127604F-D63F-4D93-8B2A-6EC76BF91935}.Release|Any CPU.ActiveCfg = Release|Any CPU
		{A127604F-D63F-4D93-8B2A-6EC76BF91935}.Release|Any CPU.Build.0 = Release|Any CPU
		{A127604F-D63F-4D93-8B2A-6EC76BF91935}.Release|x64.ActiveCfg = Release|Any CPU
		{A127604F-D63F-4D93-8B2A-6EC76BF91935}.Release|x64.Build.0 = Release|Any CPU
		{A127604F-D63F-4D93-8B2A-6EC76BF91935}.Release|x86.ActiveCfg = Release|Any CPU
		{A127604F-D63F-4D93-8B2A-6EC76BF91935}.Release|x86.Build.0 = Release|Any CPU
		{29ED60F5-5238-458F-83AF-623159CAF642}.Debug|Any CPU.ActiveCfg = Debug|Any CPU
		{29ED60F5-5238-458F-83AF-623159CAF642}.Debug|Any CPU.Build.0 = Debug|Any CPU
		{29ED60F5-5238-458F-83AF-623159CAF642}.Debug|x64.ActiveCfg = Debug|Any CPU
		{29ED60F5-5238-458F-83AF-623159CAF642}.Debug|x64.Build.0 = Debug|Any CPU
		{29ED60F5-5238-458F-83AF-623159CAF642}.Debug|x86.ActiveCfg = Debug|Any CPU
		{29ED60F5-5238-458F-83AF-623159CAF642}.Debug|x86.Build.0 = Debug|Any CPU
		{29ED60F5-5238-458F-83AF-623159CAF642}.Release|Any CPU.ActiveCfg = Release|Any CPU
		{29ED60F5-5238-458F-83AF-623159CAF642}.Release|Any CPU.Build.0 = Release|Any CPU
		{29ED60F5-5238-458F-83AF-623159CAF642}.Release|x64.ActiveCfg = Release|Any CPU
		{29ED60F5-5238-458F-83AF-623159CAF642}.Release|x64.Build.0 = Release|Any CPU
		{29ED60F5-5238-458F-83AF-623159CAF642}.Release|x86.ActiveCfg = Release|Any CPU
		{29ED60F5-5238-458F-83AF-623159CAF642}.Release|x86.Build.0 = Release|Any CPU
		{8DED9F59-BDFD-4E1A-B128-22D5D7502602}.Debug|Any CPU.ActiveCfg = Debug|Any CPU
		{8DED9F59-BDFD-4E1A-B128-22D5D7502602}.Debug|Any CPU.Build.0 = Debug|Any CPU
		{8DED9F59-BDFD-4E1A-B128-22D5D7502602}.Debug|x64.ActiveCfg = Debug|Any CPU
		{8DED9F59-BDFD-4E1A-B128-22D5D7502602}.Debug|x64.Build.0 = Debug|Any CPU
		{8DED9F59-BDFD-4E1A-B128-22D5D7502602}.Debug|x86.ActiveCfg = Debug|Any CPU
		{8DED9F59-BDFD-4E1A-B128-22D5D7502602}.Debug|x86.Build.0 = Debug|Any CPU
		{8DED9F59-BDFD-4E1A-B128-22D5D7502602}.Release|Any CPU.ActiveCfg = Release|Any CPU
		{8DED9F59-BDFD-4E1A-B128-22D5D7502602}.Release|Any CPU.Build.0 = Release|Any CPU
		{8DED9F59-BDFD-4E1A-B128-22D5D7502602}.Release|x64.ActiveCfg = Release|Any CPU
		{8DED9F59-BDFD-4E1A-B128-22D5D7502602}.Release|x64.Build.0 = Release|Any CPU
		{8DED9F59-BDFD-4E1A-B128-22D5D7502602}.Release|x86.ActiveCfg = Release|Any CPU
		{8DED9F59-BDFD-4E1A-B128-22D5D7502602}.Release|x86.Build.0 = Release|Any CPU
		{30192A5D-73A2-4866-982A-2F5331E8DF64}.Debug|Any CPU.ActiveCfg = Debug|Any CPU
		{30192A5D-73A2-4866-982A-2F5331E8DF64}.Debug|Any CPU.Build.0 = Debug|Any CPU
		{30192A5D-73A2-4866-982A-2F5331E8DF64}.Debug|x64.ActiveCfg = Debug|Any CPU
		{30192A5D-73A2-4866-982A-2F5331E8DF64}.Debug|x64.Build.0 = Debug|Any CPU
		{30192A5D-73A2-4866-982A-2F5331E8DF64}.Debug|x86.ActiveCfg = Debug|Any CPU
		{30192A5D-73A2-4866-982A-2F5331E8DF64}.Debug|x86.Build.0 = Debug|Any CPU
		{30192A5D-73A2-4866-982A-2F5331E8DF64}.Release|Any CPU.ActiveCfg = Release|Any CPU
		{30192A5D-73A2-4866-982A-2F5331E8DF64}.Release|Any CPU.Build.0 = Release|Any CPU
		{30192A5D-73A2-4866-982A-2F5331E8DF64}.Release|x64.ActiveCfg = Release|Any CPU
		{30192A5D-73A2-4866-982A-2F5331E8DF64}.Release|x64.Build.0 = Release|Any CPU
		{30192A5D-73A2-4866-982A-2F5331E8DF64}.Release|x86.ActiveCfg = Release|Any CPU
		{30192A5D-73A2-4866-982A-2F5331E8DF64}.Release|x86.Build.0 = Release|Any CPU
		{AE920646-0F12-4E06-B0D8-29373AEAA325}.Debug|Any CPU.ActiveCfg = Debug|Any CPU
		{AE920646-0F12-4E06-B0D8-29373AEAA325}.Debug|Any CPU.Build.0 = Debug|Any CPU
		{AE920646-0F12-4E06-B0D8-29373AEAA325}.Debug|x64.ActiveCfg = Debug|Any CPU
		{AE920646-0F12-4E06-B0D8-29373AEAA325}.Debug|x64.Build.0 = Debug|Any CPU
		{AE920646-0F12-4E06-B0D8-29373AEAA325}.Debug|x86.ActiveCfg = Debug|Any CPU
		{AE920646-0F12-4E06-B0D8-29373AEAA325}.Debug|x86.Build.0 = Debug|Any CPU
		{AE920646-0F12-4E06-B0D8-29373AEAA325}.Release|Any CPU.ActiveCfg = Release|Any CPU
		{AE920646-0F12-4E06-B0D8-29373AEAA325}.Release|Any CPU.Build.0 = Release|Any CPU
		{AE920646-0F12-4E06-B0D8-29373AEAA325}.Release|x64.ActiveCfg = Release|Any CPU
		{AE920646-0F12-4E06-B0D8-29373AEAA325}.Release|x64.Build.0 = Release|Any CPU
		{AE920646-0F12-4E06-B0D8-29373AEAA325}.Release|x86.ActiveCfg = Release|Any CPU
		{AE920646-0F12-4E06-B0D8-29373AEAA325}.Release|x86.Build.0 = Release|Any CPU
		{ED1813FA-8F5A-483C-ADF4-7FC565980433}.Debug|Any CPU.ActiveCfg = Debug|Any CPU
		{ED1813FA-8F5A-483C-ADF4-7FC565980433}.Debug|Any CPU.Build.0 = Debug|Any CPU
		{ED1813FA-8F5A-483C-ADF4-7FC565980433}.Debug|x64.ActiveCfg = Debug|Any CPU
		{ED1813FA-8F5A-483C-ADF4-7FC565980433}.Debug|x64.Build.0 = Debug|Any CPU
		{ED1813FA-8F5A-483C-ADF4-7FC565980433}.Debug|x86.ActiveCfg = Debug|Any CPU
		{ED1813FA-8F5A-483C-ADF4-7FC565980433}.Debug|x86.Build.0 = Debug|Any CPU
		{ED1813FA-8F5A-483C-ADF4-7FC565980433}.Release|Any CPU.ActiveCfg = Release|Any CPU
		{ED1813FA-8F5A-483C-ADF4-7FC565980433}.Release|Any CPU.Build.0 = Release|Any CPU
		{ED1813FA-8F5A-483C-ADF4-7FC565980433}.Release|x64.ActiveCfg = Release|Any CPU
		{ED1813FA-8F5A-483C-ADF4-7FC565980433}.Release|x64.Build.0 = Release|Any CPU
		{ED1813FA-8F5A-483C-ADF4-7FC565980433}.Release|x86.ActiveCfg = Release|Any CPU
		{ED1813FA-8F5A-483C-ADF4-7FC565980433}.Release|x86.Build.0 = Release|Any CPU
	EndGlobalSection
	GlobalSection(SolutionProperties) = preSolution
		HideSolutionNode = FALSE
	EndGlobalSection
	GlobalSection(NestedProjects) = preSolution
		{9A42631C-276F-4F63-AD9F-E599D965EDFD} = {76941FFF-E50E-4761-BF69-C85F62B01EB6}
		{A127604F-D63F-4D93-8B2A-6EC76BF91935} = {76941FFF-E50E-4761-BF69-C85F62B01EB6}
		{29ED60F5-5238-458F-83AF-623159CAF642} = {52255CBC-22FD-42AF-96F3-36F7843F44D1}
		{8DED9F59-BDFD-4E1A-B128-22D5D7502602} = {52255CBC-22FD-42AF-96F3-36F7843F44D1}
		{30192A5D-73A2-4866-982A-2F5331E8DF64} = {76941FFF-E50E-4761-BF69-C85F62B01EB6}
		{AE920646-0F12-4E06-B0D8-29373AEAA325} = {52255CBC-22FD-42AF-96F3-36F7843F44D1}
		{ED1813FA-8F5A-483C-ADF4-7FC565980433} = {76941FFF-E50E-4761-BF69-C85F62B01EB6}
	EndGlobalSection
	GlobalSection(ExtensibilityGlobals) = postSolution
		SolutionGuid = {8BD4631F-8FF0-4614-8336-C17DE9E63E20}
	EndGlobalSection
EndGlobal
